
Microsoft Visual Studio Solution File, Format Version 12.00
# Visual Studio 15
VisualStudioVersion = 15.0.27130.2024
MinimumVisualStudioVersion = 10.0.40219.1
Project("{FAE04EC0-301F-11D3-BF4B-00C04F79EFBC}") = "InitialD", "InitialD\InitialD.csproj", "{5A997753-F3D7-40C0-A8E8-E9B496989D7E}"
EndProject
Project("{E53339B2-1760-4266-BCC7-CA923CBCF16C}") = "docker-compose", "docker-compose.dcproj", "{770DD560-0961-43F0-8073-506EBB1C5492}"
EndProject
Global
	GlobalSection(SolutionConfigurationPlatforms) = preSolution
		Debug|Any CPU = Debug|Any CPU
		Release|Any CPU = Release|Any CPU
	EndGlobalSection
	GlobalSection(ProjectConfigurationPlatforms) = postSolution
		{5A997753-F3D7-40C0-A8E8-E9B496989D7E}.Debug|Any CPU.ActiveCfg = Debug|Any CPU
		{5A997753-F3D7-40C0-A8E8-E9B496989D7E}.Debug|Any CPU.Build.0 = Debug|Any CPU
		{5A997753-F3D7-40C0-A8E8-E9B496989D7E}.Release|Any CPU.ActiveCfg = Release|Any CPU
		{5A997753-F3D7-40C0-A8E8-E9B496989D7E}.Release|Any CPU.Build.0 = Release|Any CPU
		{770DD560-0961-43F0-8073-506EBB1C5492}.Debug|Any CPU.ActiveCfg = Debug|Any CPU
		{770DD560-0961-43F0-8073-506EBB1C5492}.Debug|Any CPU.Build.0 = Debug|Any CPU
		{770DD560-0961-43F0-8073-506EBB1C5492}.Release|Any CPU.ActiveCfg = Release|Any CPU
		{770DD560-0961-43F0-8073-506EBB1C5492}.Release|Any CPU.Build.0 = Release|Any CPU
	EndGlobalSection
	GlobalSection(SolutionProperties) = preSolution
		HideSolutionNode = FALSE
	EndGlobalSection
	GlobalSection(ExtensibilityGlobals) = postSolution
		SolutionGuid = {958F1DB5-2CD7-46C2-9042-1829500BDAA6}
	EndGlobalSection
EndGlobal
